
Microsoft Visual Studio Solution File, Format Version 12.00
# Visual Studio Version 16
VisualStudioVersion = 16.0.28922.388
MinimumVisualStudioVersion = 10.0.40219.1
Project("{FAE04EC0-301F-11D3-BF4B-00C04F79EFBC}") = "WebServiceTestApp", "WebServiceTestApp\WebServiceTestApp.csproj", "{B80DBD1F-7EE0-4C93-B74E-DAE187DB5BDE}"
EndProject
Project("{2150E333-8FDC-42A3-9474-1A3956D46DE8}") = "Solution Items", "Solution Items", "{91BD4F5F-65A0-446F-AA4C-BE27985AF243}"
	ProjectSection(SolutionItems) = preProject
		README.md = README.md
	EndProjectSection
EndProject
Global
	GlobalSection(SolutionConfigurationPlatforms) = preSolution
		Debug|Any CPU = Debug|Any CPU
		Release|Any CPU = Release|Any CPU
	EndGlobalSection
	GlobalSection(ProjectConfigurationPlatforms) = postSolution
		{B80DBD1F-7EE0-4C93-B74E-DAE187DB5BDE}.Debug|Any CPU.ActiveCfg = Debug|Any CPU
		{B80DBD1F-7EE0-4C93-B74E-DAE187DB5BDE}.Debug|Any CPU.Build.0 = Debug|Any CPU
		{B80DBD1F-7EE0-4C93-B74E-DAE187DB5BDE}.Release|Any CPU.ActiveCfg = Release|Any CPU
		{B80DBD1F-7EE0-4C93-B74E-DAE187DB5BDE}.Release|Any CPU.Build.0 = Release|Any CPU
	EndGlobalSection
	GlobalSection(SolutionProperties) = preSolution
		HideSolutionNode = FALSE
	EndGlobalSection
	GlobalSection(ExtensibilityGlobals) = postSolution
		SolutionGuid = {39064FCE-8BB2-48EE-85DC-F3E4A96DD61D}
	EndGlobalSection
EndGlobal
